
Microsoft Visual Studio Solution File, Format Version 12.00
# Visual Studio Version 17
VisualStudioVersion = 17.2.32630.192
MinimumVisualStudioVersion = 10.0.40219.1
Project("{FAE04EC0-301F-11D3-BF4B-00C04F79EFBC}") = "Caesar3SaveReader", "Caesar3SaveReader\Caesar3SaveReader.csproj", "{0BFB0D7D-6945-4C7C-9950-A24F6C7462D5}"
EndProject
Global
	GlobalSection(SolutionConfigurationPlatforms) = preSolution
		Debug|Any CPU = Debug|Any CPU
		Release|Any CPU = Release|Any CPU
	EndGlobalSection
	GlobalSection(ProjectConfigurationPlatforms) = postSolution
		{0BFB0D7D-6945-4C7C-9950-A24F6C7462D5}.Debug|Any CPU.ActiveCfg = Debug|Any CPU
		{0BFB0D7D-6945-4C7C-9950-A24F6C7462D5}.Debug|Any CPU.Build.0 = Debug|Any CPU
		{0BFB0D7D-6945-4C7C-9950-A24F6C7462D5}.Release|Any CPU.ActiveCfg = Release|Any CPU
		{0BFB0D7D-6945-4C7C-9950-A24F6C7462D5}.Release|Any CPU.Build.0 = Release|Any CPU
	EndGlobalSection
	GlobalSection(SolutionProperties) = preSolution
		HideSolutionNode = FALSE
	EndGlobalSection
	GlobalSection(ExtensibilityGlobals) = postSolution
		SolutionGuid = {9FC0CFA1-638E-4331-830C-86D9F265DA73}
	EndGlobalSection
EndGlobal
